
Microsoft Visual Studio Solution File, Format Version 12.00
# Visual Studio Version 17
VisualStudioVersion = 17.12.35521.163
MinimumVisualStudioVersion = 10.0.40219.1
Project("{FAE04EC0-301F-11D3-BF4B-00C04F79EFBC}") = "SmartBank", "SmartBank.csproj", "{CC40A0D1-E564-4B78-9087-C04A357E768D}"
EndProject
Project("{FAE04EC0-301F-11D3-BF4B-00C04F79EFBC}") = "SmartBank.Tests", "..\SmartBank.Tests\SmartBank.Tests.csproj", "{6EFAC2A2-1844-49C0-AC12-EB2F9BD59593}"
EndProject
Global
	GlobalSection(SolutionConfigurationPlatforms) = preSolution
		Debug|Any CPU = Debug|Any CPU
		Release|Any CPU = Release|Any CPU
	EndGlobalSection
	GlobalSection(ProjectConfigurationPlatforms) = postSolution
		{CC40A0D1-E564-4B78-9087-C04A357E768D}.Debug|Any CPU.ActiveCfg = Debug|Any CPU
		{CC40A0D1-E564-4B78-9087-C04A357E768D}.Debug|Any CPU.Build.0 = Debug|Any CPU
		{CC40A0D1-E564-4B78-9087-C04A357E768D}.Release|Any CPU.ActiveCfg = Release|Any CPU
		{CC40A0D1-E564-4B78-9087-C04A357E768D}.Release|Any CPU.Build.0 = Release|Any CPU
		{6EFAC2A2-1844-49C0-AC12-EB2F9BD59593}.Debug|Any CPU.ActiveCfg = Debug|Any CPU
		{6EFAC2A2-1844-49C0-AC12-EB2F9BD59593}.Debug|Any CPU.Build.0 = Debug|Any CPU
		{6EFAC2A2-1844-49C0-AC12-EB2F9BD59593}.Release|Any CPU.ActiveCfg = Release|Any CPU
		{6EFAC2A2-1844-49C0-AC12-EB2F9BD59593}.Release|Any CPU.Build.0 = Release|Any CPU
	EndGlobalSection
	GlobalSection(SolutionProperties) = preSolution
		HideSolutionNode = FALSE
	EndGlobalSection
EndGlobal
